
Microsoft Visual Studio Solution File, Format Version 12.00
Project("{FAE04EC0-301F-11D3-BF4B-00C04F79EFBC}") = "MasterChief", "MasterChief\MasterChief.csproj", "{120410A2-243C-4E99-94C2-D3D18E1A3F2D}"
EndProject
Project("{FAE04EC0-301F-11D3-BF4B-00C04F79EFBC}") = "MasterChiefRoom", "MasterChiefRoom\MasterChiefRoom.csproj", "{96BE6C4E-690F-49B6-8319-652B970A77B0}"
EndProject
Global
	GlobalSection(SolutionConfigurationPlatforms) = preSolution
		Debug|Any CPU = Debug|Any CPU
		Release|Any CPU = Release|Any CPU
	EndGlobalSection
	GlobalSection(ProjectConfigurationPlatforms) = postSolution
		{120410A2-243C-4E99-94C2-D3D18E1A3F2D}.Debug|Any CPU.ActiveCfg = Debug|Any CPU
		{120410A2-243C-4E99-94C2-D3D18E1A3F2D}.Debug|Any CPU.Build.0 = Debug|Any CPU
		{120410A2-243C-4E99-94C2-D3D18E1A3F2D}.Release|Any CPU.ActiveCfg = Release|Any CPU
		{120410A2-243C-4E99-94C2-D3D18E1A3F2D}.Release|Any CPU.Build.0 = Release|Any CPU
		{96BE6C4E-690F-49B6-8319-652B970A77B0}.Debug|Any CPU.ActiveCfg = Debug|Any CPU
		{96BE6C4E-690F-49B6-8319-652B970A77B0}.Debug|Any CPU.Build.0 = Debug|Any CPU
		{96BE6C4E-690F-49B6-8319-652B970A77B0}.Release|Any CPU.ActiveCfg = Release|Any CPU
		{96BE6C4E-690F-49B6-8319-652B970A77B0}.Release|Any CPU.Build.0 = Release|Any CPU
	EndGlobalSection
EndGlobal
